{
	"name": "tests-cyano-shared",
	"version": "0.6.6",
	"lockfileVersion": 1,
	"requires": true,
	"dependencies": {
		"path-parser": {
			"version": "6.1.0",
			"resolved": "https://registry.npmjs.org/path-parser/-/path-parser-6.1.0.tgz",
			"integrity": "sha512-nAB6J73z2rFcQP+870OHhpkHFj5kO4rPLc2Ol4Y3Ale7F6Hk1/cPKp7cQ8RznKF8FOSvu+YR9Xc6Gafk7DlpYA==",
			"requires": {
				"search-params": "3.0.0",
				"tslib": "^1.10.0"
			}
		},
		"route-node": {
			"version": "4.1.1",
			"resolved": "https://registry.npmjs.org/route-node/-/route-node-4.1.1.tgz",
			"integrity": "sha512-bJVDVEQvXYqTC/LQ/2ohNZ2gPRO4+3ZvHeafuCyRZAd63qH17yspVfxOBzasE/t7SmSO30sT/yPSEMuPDGHhSQ==",
			"requires": {
				"path-parser": "6.1.0",
				"search-params": "3.0.0",
				"tslib": "^1.10.0"
			}
		},
		"router5": {
			"version": "8.0.1",
			"resolved": "https://registry.npmjs.org/router5/-/router5-8.0.1.tgz",
			"integrity": "sha512-LBLQAYd2ZI1FiiBqGf82oC+LRD0PUABrZqTzd6OmyK+t5N8wRs3hbIxeiy/9Zy+xI8Fdf/0WM68P41W6MH8pdQ==",
			"requires": {
				"route-node": "4.1.1",
				"router5-transition-path": "^8.0.1",
				"symbol-observable": "1.2.0"
			}
		},
		"router5-plugin-browser": {
			"version": "8.0.1",
			"resolved": "https://registry.npmjs.org/router5-plugin-browser/-/router5-plugin-browser-8.0.1.tgz",
			"integrity": "sha512-RuArnalkREtQj0ROD1RnITWwL+Fl8rbkFspDxRTt3aFG9k5bPOE0HfJRvGsd4TY9Je/kW3hvntvFXSx8Bl745w=="
		},
		"router5-transition-path": {
			"version": "8.0.1",
			"resolved": "https://registry.npmjs.org/router5-transition-path/-/router5-transition-path-8.0.1.tgz",
			"integrity": "sha512-l7MFEUmasEhe1emrO79t7BkCqQQRZdenz4c3qJmZpe8V6BCerZQR+SYbZL5zmQ3hazY7nR264jCWuNed+cMD2A=="
		},
		"search-params": {
			"version": "3.0.0",
			"resolved": "https://registry.npmjs.org/search-params/-/search-params-3.0.0.tgz",
			"integrity": "sha512-8CYNl/bjkEhXWbDTU/K7c2jQtrnqEffIPyOLMqygW/7/b+ym8UtQumcAZjOfMLjZKR6AxK5tOr9fChbQZCzPqg=="
		},
		"symbol-observable": {
			"version": "1.2.0",
			"resolved": "https://registry.npmjs.org/symbol-observable/-/symbol-observable-1.2.0.tgz",
			"integrity": "sha512-e900nM8RRtGhlV36KGEU9k65K3mPb1WV70OdjfxlG2EAuM1noi/E/BaW/uMhL7bPEssK8QV57vN3esixjUvcXQ=="
		},
		"tslib": {
			"version": "1.14.1",
			"resolved": "https://registry.npmjs.org/tslib/-/tslib-1.14.1.tgz",
			"integrity": "sha512-Xni35NKzjgMrwevysHTCArtLDpPvye8zV/0E4EyYn43P7/7qvQwPh9BGkHewbMulVntbigmcT7rdX3BNo9wRJg=="
		}
	}
}
