{
  "name": "tests-cyano-shared",
  "version": "0.6.8",
  "lockfileVersion": 2,
  "requires": true,
  "packages": {
    "": {
      "version": "0.6.8",
      "license": "MIT",
      "dependencies": {
        "cyano": "^0.6.8",
        "cyano-mithril": "^0.6.8",
        "cyano-react": "^0.6.8",
        "router5": "^8.0.1",
        "router5-plugin-browser": "^8.0.1"
      },
      "devDependencies": {
        "@types/react": "^17.0.16",
        "react": "^17.0.2"
      }
    },
    "node_modules/@types/prop-types": {
      "version": "15.7.4",
      "resolved": "https://registry.npmjs.org/@types/prop-types/-/prop-types-15.7.4.tgz",
      "integrity": "sha512-rZ5drC/jWjrArrS8BR6SIr4cWpW09RNTYt9AMZo3Jwwif+iacXAqgVjm0B0Bv/S1jhDXKHqRVNCbACkJ89RAnQ==",
      "dev": true
    },
    "node_modules/@types/react": {
      "version": "17.0.16",
      "resolved": "https://registry.npmjs.org/@types/react/-/react-17.0.16.tgz",
      "integrity": "sha512-3kCUiOOlQTwUUvjNFkbBTWMTxdTGybz/PfjCw9JmaRGcEDBQh+nGMg7/E9P2rklhJuYVd25IYLNcvqgSPCPksg==",
      "dev": true,
      "dependencies": {
        "@types/prop-types": "*",
        "@types/scheduler": "*",
        "csstype": "^3.0.2"
      }
    },
    "node_modules/@types/scheduler": {
      "version": "0.16.2",
      "resolved": "https://registry.npmjs.org/@types/scheduler/-/scheduler-0.16.2.tgz",
      "integrity": "sha512-hppQEBDmlwhFAXKJX2KnWLYu5yMfi91yazPb2l+lbJiwW+wdo1gNeRA+3RgNSO39WYX2euey41KEwnqesU2Jew==",
      "dev": true
    },
    "node_modules/csstype": {
      "version": "3.0.8",
      "resolved": "https://registry.npmjs.org/csstype/-/csstype-3.0.8.tgz",
      "integrity": "sha512-jXKhWqXPmlUeoQnF/EhTtTl4C9SnrxSH/jZUih3jmO6lBKr99rP3/+FmrMj4EFpOXzMtXHAZkd3x0E6h6Fgflw==",
      "dev": true
    },
    "node_modules/cyano": {
      "version": "0.6.8",
      "resolved": "https://registry.npmjs.org/cyano/-/cyano-0.6.8.tgz",
      "integrity": "sha512-SpNKAXdXK/OLz10p10OhGTx0jLz4j7+x7clmIapSA/I4xv7chhqQpKFKu6MYBKPlzdNI0OFjWIHlzd3CRku8+g=="
    },
    "node_modules/cyano-mithril": {
      "version": "0.6.9",
      "resolved": "https://registry.npmjs.org/cyano-mithril/-/cyano-mithril-0.6.9.tgz",
      "integrity": "sha512-42jQ7QdH15IrVZi5uozM6KrGenClNJ1BUWuGI3iwdCwgQJ6fiUzb9U6dfw1itFF2kPWO111SNexAgxqQmY6Jug==",
      "dependencies": {
        "mithril-hooks": "^0.7.1"
      },
      "peerDependencies": {
        "mithril": ">=2.0.4"
      }
    },
    "node_modules/cyano-react": {
      "version": "0.6.9",
      "resolved": "https://registry.npmjs.org/cyano-react/-/cyano-react-0.6.9.tgz",
      "integrity": "sha512-JQIlXeVyHdoz43/AA4H3vxSfCe0g5p4PFZvJ5lPysC4zgyEjVRh5nE7IcK49df2oaPrYwbe1dVmuZF/4UwBYBw==",
      "dependencies": {
        "react-hyperscript": "^3.2.0"
      },
      "peerDependencies": {
        "react": "^17.0.2"
      }
    },
    "node_modules/flatted": {
      "version": "3.2.2",
      "resolved": "https://registry.npmjs.org/flatted/-/flatted-3.2.2.tgz",
      "integrity": "sha512-JaTY/wtrcSyvXJl4IMFHPKyFur1sE9AUqc0QnhOaJ0CxHtAoIV8pYDzeEfAaNEtGkOfq4gr3LBFmdXW5mOQFnA=="
    },
    "node_modules/js-tokens": {
      "version": "4.0.0",
      "resolved": "https://registry.npmjs.org/js-tokens/-/js-tokens-4.0.0.tgz",
      "integrity": "sha512-RdJUflcE3cUzKiMqQgsCu06FPu9UdIJO0beYbPhHN4k6apgJtifcoCtT9bcxOpYBtpD2kCM6Sbzg4CausW/PKQ=="
    },
    "node_modules/loose-envify": {
      "version": "1.4.0",
      "resolved": "https://registry.npmjs.org/loose-envify/-/loose-envify-1.4.0.tgz",
      "integrity": "sha512-lyuxPGr/Wfhrlem2CL/UcnUc1zcqKAImBDzukY7Y5F/yQiNdko6+fRLevlw1HgMySw7f611UIY408EtxRSoK3Q==",
      "dependencies": {
        "js-tokens": "^3.0.0 || ^4.0.0"
      },
      "bin": {
        "loose-envify": "cli.js"
      }
    },
    "node_modules/mithril": {
      "version": "2.0.4",
      "resolved": "https://registry.npmjs.org/mithril/-/mithril-2.0.4.tgz",
      "integrity": "sha512-mgw+DMZlhMS4PpprF6dl7ZoeZq5GGcAuWnrg5e12MvaGauc4jzWsDZtVGRCktsiQczOEUr2K5teKbE5k44RlOg==",
      "peer": true,
      "bin": {
        "ospec": "ospec/bin/ospec"
      }
    },
    "node_modules/mithril-hooks": {
      "version": "0.7.1",
      "resolved": "https://registry.npmjs.org/mithril-hooks/-/mithril-hooks-0.7.1.tgz",
      "integrity": "sha512-or7NAYGSWiCSbPQ+W7SGqkB74b6L0QYVR7NfBBT7cVqkIO3FNi6OTpmQo7AI2oARh9NyzZRyGQbt24TvYTiHYA==",
      "dependencies": {
        "flatted": "^3.1.1"
      },
      "peerDependencies": {
        "mithril": "^2.0.4"
      }
    },
    "node_modules/object-assign": {
      "version": "4.1.1",
      "resolved": "https://registry.npmjs.org/object-assign/-/object-assign-4.1.1.tgz",
      "integrity": "sha1-IQmtx5ZYh8/AXLvUQsrIv7s2CGM=",
      "engines": {
        "node": ">=0.10.0"
      }
    },
    "node_modules/path-parser": {
      "version": "6.1.0",
      "resolved": "https://registry.npmjs.org/path-parser/-/path-parser-6.1.0.tgz",
      "integrity": "sha512-nAB6J73z2rFcQP+870OHhpkHFj5kO4rPLc2Ol4Y3Ale7F6Hk1/cPKp7cQ8RznKF8FOSvu+YR9Xc6Gafk7DlpYA==",
      "dependencies": {
        "search-params": "3.0.0",
        "tslib": "^1.10.0"
      }
    },
    "node_modules/react": {
      "version": "17.0.2",
      "resolved": "https://registry.npmjs.org/react/-/react-17.0.2.tgz",
      "integrity": "sha512-gnhPt75i/dq/z3/6q/0asP78D0u592D5L1pd7M8P+dck6Fu/jJeL6iVVK23fptSUZj8Vjf++7wXA8UNclGQcbA==",
      "dependencies": {
        "loose-envify": "^1.1.0",
        "object-assign": "^4.1.1"
      },
      "engines": {
        "node": ">=0.10.0"
      }
    },
    "node_modules/react-hyperscript": {
      "version": "3.2.0",
      "resolved": "https://registry.npmjs.org/react-hyperscript/-/react-hyperscript-3.2.0.tgz",
      "integrity": "sha512-kf9VmxwCNqAImT3uDrCPJ8H5XdNzfSLps9x0qgJCH6OUCBiGAy1m9wHpedfr7GSuFqowhkNwv4ZuC40k3E/zRQ==",
      "peerDependencies": {
        "react": ">= 0.12.0 < 17.0.0"
      }
    },
    "node_modules/route-node": {
      "version": "4.1.1",
      "resolved": "https://registry.npmjs.org/route-node/-/route-node-4.1.1.tgz",
      "integrity": "sha512-bJVDVEQvXYqTC/LQ/2ohNZ2gPRO4+3ZvHeafuCyRZAd63qH17yspVfxOBzasE/t7SmSO30sT/yPSEMuPDGHhSQ==",
      "dependencies": {
        "path-parser": "6.1.0",
        "search-params": "3.0.0",
        "tslib": "^1.10.0"
      }
    },
    "node_modules/router5": {
      "version": "8.0.1",
      "resolved": "https://registry.npmjs.org/router5/-/router5-8.0.1.tgz",
      "integrity": "sha512-LBLQAYd2ZI1FiiBqGf82oC+LRD0PUABrZqTzd6OmyK+t5N8wRs3hbIxeiy/9Zy+xI8Fdf/0WM68P41W6MH8pdQ==",
      "dependencies": {
        "route-node": "4.1.1",
        "router5-transition-path": "^8.0.1",
        "symbol-observable": "1.2.0"
      }
    },
    "node_modules/router5-plugin-browser": {
      "version": "8.0.1",
      "resolved": "https://registry.npmjs.org/router5-plugin-browser/-/router5-plugin-browser-8.0.1.tgz",
      "integrity": "sha512-RuArnalkREtQj0ROD1RnITWwL+Fl8rbkFspDxRTt3aFG9k5bPOE0HfJRvGsd4TY9Je/kW3hvntvFXSx8Bl745w=="
    },
    "node_modules/router5-transition-path": {
      "version": "8.0.1",
      "resolved": "https://registry.npmjs.org/router5-transition-path/-/router5-transition-path-8.0.1.tgz",
      "integrity": "sha512-l7MFEUmasEhe1emrO79t7BkCqQQRZdenz4c3qJmZpe8V6BCerZQR+SYbZL5zmQ3hazY7nR264jCWuNed+cMD2A=="
    },
    "node_modules/search-params": {
      "version": "3.0.0",
      "resolved": "https://registry.npmjs.org/search-params/-/search-params-3.0.0.tgz",
      "integrity": "sha512-8CYNl/bjkEhXWbDTU/K7c2jQtrnqEffIPyOLMqygW/7/b+ym8UtQumcAZjOfMLjZKR6AxK5tOr9fChbQZCzPqg=="
    },
    "node_modules/symbol-observable": {
      "version": "1.2.0",
      "resolved": "https://registry.npmjs.org/symbol-observable/-/symbol-observable-1.2.0.tgz",
      "integrity": "sha512-e900nM8RRtGhlV36KGEU9k65K3mPb1WV70OdjfxlG2EAuM1noi/E/BaW/uMhL7bPEssK8QV57vN3esixjUvcXQ==",
      "engines": {
        "node": ">=0.10.0"
      }
    },
    "node_modules/tslib": {
      "version": "1.14.1",
      "resolved": "https://registry.npmjs.org/tslib/-/tslib-1.14.1.tgz",
      "integrity": "sha512-Xni35NKzjgMrwevysHTCArtLDpPvye8zV/0E4EyYn43P7/7qvQwPh9BGkHewbMulVntbigmcT7rdX3BNo9wRJg=="
    }
  },
  "dependencies": {
    "@types/prop-types": {
      "version": "15.7.4",
      "resolved": "https://registry.npmjs.org/@types/prop-types/-/prop-types-15.7.4.tgz",
      "integrity": "sha512-rZ5drC/jWjrArrS8BR6SIr4cWpW09RNTYt9AMZo3Jwwif+iacXAqgVjm0B0Bv/S1jhDXKHqRVNCbACkJ89RAnQ==",
      "dev": true
    },
    "@types/react": {
      "version": "17.0.16",
      "resolved": "https://registry.npmjs.org/@types/react/-/react-17.0.16.tgz",
      "integrity": "sha512-3kCUiOOlQTwUUvjNFkbBTWMTxdTGybz/PfjCw9JmaRGcEDBQh+nGMg7/E9P2rklhJuYVd25IYLNcvqgSPCPksg==",
      "dev": true,
      "requires": {
        "@types/prop-types": "*",
        "@types/scheduler": "*",
        "csstype": "^3.0.2"
      }
    },
    "@types/scheduler": {
      "version": "0.16.2",
      "resolved": "https://registry.npmjs.org/@types/scheduler/-/scheduler-0.16.2.tgz",
      "integrity": "sha512-hppQEBDmlwhFAXKJX2KnWLYu5yMfi91yazPb2l+lbJiwW+wdo1gNeRA+3RgNSO39WYX2euey41KEwnqesU2Jew==",
      "dev": true
    },
    "csstype": {
      "version": "3.0.8",
      "resolved": "https://registry.npmjs.org/csstype/-/csstype-3.0.8.tgz",
      "integrity": "sha512-jXKhWqXPmlUeoQnF/EhTtTl4C9SnrxSH/jZUih3jmO6lBKr99rP3/+FmrMj4EFpOXzMtXHAZkd3x0E6h6Fgflw==",
      "dev": true
    },
    "cyano": {
      "version": "0.6.8",
      "resolved": "https://registry.npmjs.org/cyano/-/cyano-0.6.8.tgz",
      "integrity": "sha512-SpNKAXdXK/OLz10p10OhGTx0jLz4j7+x7clmIapSA/I4xv7chhqQpKFKu6MYBKPlzdNI0OFjWIHlzd3CRku8+g=="
    },
    "cyano-mithril": {
      "version": "0.6.9",
      "resolved": "https://registry.npmjs.org/cyano-mithril/-/cyano-mithril-0.6.9.tgz",
      "integrity": "sha512-42jQ7QdH15IrVZi5uozM6KrGenClNJ1BUWuGI3iwdCwgQJ6fiUzb9U6dfw1itFF2kPWO111SNexAgxqQmY6Jug==",
      "requires": {
        "mithril-hooks": "^0.7.1"
      }
    },
    "cyano-react": {
      "version": "0.6.9",
      "resolved": "https://registry.npmjs.org/cyano-react/-/cyano-react-0.6.9.tgz",
      "integrity": "sha512-JQIlXeVyHdoz43/AA4H3vxSfCe0g5p4PFZvJ5lPysC4zgyEjVRh5nE7IcK49df2oaPrYwbe1dVmuZF/4UwBYBw==",
      "requires": {
        "react-hyperscript": "^3.2.0"
      }
    },
    "flatted": {
      "version": "3.2.2",
      "resolved": "https://registry.npmjs.org/flatted/-/flatted-3.2.2.tgz",
      "integrity": "sha512-JaTY/wtrcSyvXJl4IMFHPKyFur1sE9AUqc0QnhOaJ0CxHtAoIV8pYDzeEfAaNEtGkOfq4gr3LBFmdXW5mOQFnA=="
    },
    "js-tokens": {
      "version": "4.0.0",
      "resolved": "https://registry.npmjs.org/js-tokens/-/js-tokens-4.0.0.tgz",
      "integrity": "sha512-RdJUflcE3cUzKiMqQgsCu06FPu9UdIJO0beYbPhHN4k6apgJtifcoCtT9bcxOpYBtpD2kCM6Sbzg4CausW/PKQ=="
    },
    "loose-envify": {
      "version": "1.4.0",
      "resolved": "https://registry.npmjs.org/loose-envify/-/loose-envify-1.4.0.tgz",
      "integrity": "sha512-lyuxPGr/Wfhrlem2CL/UcnUc1zcqKAImBDzukY7Y5F/yQiNdko6+fRLevlw1HgMySw7f611UIY408EtxRSoK3Q==",
      "requires": {
        "js-tokens": "^3.0.0 || ^4.0.0"
      }
    },
    "mithril": {
      "version": "2.0.4",
      "resolved": "https://registry.npmjs.org/mithril/-/mithril-2.0.4.tgz",
      "integrity": "sha512-mgw+DMZlhMS4PpprF6dl7ZoeZq5GGcAuWnrg5e12MvaGauc4jzWsDZtVGRCktsiQczOEUr2K5teKbE5k44RlOg==",
      "peer": true
    },
    "mithril-hooks": {
      "version": "0.7.1",
      "resolved": "https://registry.npmjs.org/mithril-hooks/-/mithril-hooks-0.7.1.tgz",
      "integrity": "sha512-or7NAYGSWiCSbPQ+W7SGqkB74b6L0QYVR7NfBBT7cVqkIO3FNi6OTpmQo7AI2oARh9NyzZRyGQbt24TvYTiHYA==",
      "requires": {
        "flatted": "^3.1.1"
      }
    },
    "object-assign": {
      "version": "4.1.1",
      "resolved": "https://registry.npmjs.org/object-assign/-/object-assign-4.1.1.tgz",
      "integrity": "sha1-IQmtx5ZYh8/AXLvUQsrIv7s2CGM="
    },
    "path-parser": {
      "version": "6.1.0",
      "resolved": "https://registry.npmjs.org/path-parser/-/path-parser-6.1.0.tgz",
      "integrity": "sha512-nAB6J73z2rFcQP+870OHhpkHFj5kO4rPLc2Ol4Y3Ale7F6Hk1/cPKp7cQ8RznKF8FOSvu+YR9Xc6Gafk7DlpYA==",
      "requires": {
        "search-params": "3.0.0",
        "tslib": "^1.10.0"
      }
    },
    "react": {
      "version": "17.0.2",
      "resolved": "https://registry.npmjs.org/react/-/react-17.0.2.tgz",
      "integrity": "sha512-gnhPt75i/dq/z3/6q/0asP78D0u592D5L1pd7M8P+dck6Fu/jJeL6iVVK23fptSUZj8Vjf++7wXA8UNclGQcbA==",
      "requires": {
        "loose-envify": "^1.1.0",
        "object-assign": "^4.1.1"
      }
    },
    "react-hyperscript": {
      "version": "3.2.0",
      "resolved": "https://registry.npmjs.org/react-hyperscript/-/react-hyperscript-3.2.0.tgz",
      "integrity": "sha512-kf9VmxwCNqAImT3uDrCPJ8H5XdNzfSLps9x0qgJCH6OUCBiGAy1m9wHpedfr7GSuFqowhkNwv4ZuC40k3E/zRQ==",
      "requires": {}
    },
    "route-node": {
      "version": "4.1.1",
      "resolved": "https://registry.npmjs.org/route-node/-/route-node-4.1.1.tgz",
      "integrity": "sha512-bJVDVEQvXYqTC/LQ/2ohNZ2gPRO4+3ZvHeafuCyRZAd63qH17yspVfxOBzasE/t7SmSO30sT/yPSEMuPDGHhSQ==",
      "requires": {
        "path-parser": "6.1.0",
        "search-params": "3.0.0",
        "tslib": "^1.10.0"
      }
    },
    "router5": {
      "version": "8.0.1",
      "resolved": "https://registry.npmjs.org/router5/-/router5-8.0.1.tgz",
      "integrity": "sha512-LBLQAYd2ZI1FiiBqGf82oC+LRD0PUABrZqTzd6OmyK+t5N8wRs3hbIxeiy/9Zy+xI8Fdf/0WM68P41W6MH8pdQ==",
      "requires": {
        "route-node": "4.1.1",
        "router5-transition-path": "^8.0.1",
        "symbol-observable": "1.2.0"
      }
    },
    "router5-plugin-browser": {
      "version": "8.0.1",
      "resolved": "https://registry.npmjs.org/router5-plugin-browser/-/router5-plugin-browser-8.0.1.tgz",
      "integrity": "sha512-RuArnalkREtQj0ROD1RnITWwL+Fl8rbkFspDxRTt3aFG9k5bPOE0HfJRvGsd4TY9Je/kW3hvntvFXSx8Bl745w=="
    },
    "router5-transition-path": {
      "version": "8.0.1",
      "resolved": "https://registry.npmjs.org/router5-transition-path/-/router5-transition-path-8.0.1.tgz",
      "integrity": "sha512-l7MFEUmasEhe1emrO79t7BkCqQQRZdenz4c3qJmZpe8V6BCerZQR+SYbZL5zmQ3hazY7nR264jCWuNed+cMD2A=="
    },
    "search-params": {
      "version": "3.0.0",
      "resolved": "https://registry.npmjs.org/search-params/-/search-params-3.0.0.tgz",
      "integrity": "sha512-8CYNl/bjkEhXWbDTU/K7c2jQtrnqEffIPyOLMqygW/7/b+ym8UtQumcAZjOfMLjZKR6AxK5tOr9fChbQZCzPqg=="
    },
    "symbol-observable": {
      "version": "1.2.0",
      "resolved": "https://registry.npmjs.org/symbol-observable/-/symbol-observable-1.2.0.tgz",
      "integrity": "sha512-e900nM8RRtGhlV36KGEU9k65K3mPb1WV70OdjfxlG2EAuM1noi/E/BaW/uMhL7bPEssK8QV57vN3esixjUvcXQ=="
    },
    "tslib": {
      "version": "1.14.1",
      "resolved": "https://registry.npmjs.org/tslib/-/tslib-1.14.1.tgz",
      "integrity": "sha512-Xni35NKzjgMrwevysHTCArtLDpPvye8zV/0E4EyYn43P7/7qvQwPh9BGkHewbMulVntbigmcT7rdX3BNo9wRJg=="
    }
  }
}
